
Microsoft Visual Studio Solution File, Format Version 12.00
Project("{FAE04EC0-301F-11D3-BF4B-00C04F79EFBC}") = "PrimeTools", "PrimeTools\PrimeTools.csproj", "{797C1643-F127-432F-948D-47F507BD61A4}"
EndProject
Global
	GlobalSection(SolutionConfigurationPlatforms) = preSolution
		Debug|Any CPU = Debug|Any CPU
		Release|Any CPU = Release|Any CPU
	EndGlobalSection
	GlobalSection(ProjectConfigurationPlatforms) = postSolution
		{797C1643-F127-432F-948D-47F507BD61A4}.Debug|Any CPU.ActiveCfg = Debug|Any CPU
		{797C1643-F127-432F-948D-47F507BD61A4}.Debug|Any CPU.Build.0 = Debug|Any CPU
		{797C1643-F127-432F-948D-47F507BD61A4}.Release|Any CPU.ActiveCfg = Release|Any CPU
		{797C1643-F127-432F-948D-47F507BD61A4}.Release|Any CPU.Build.0 = Release|Any CPU
	EndGlobalSection
EndGlobal
